// !$*UTF8*$!
{
	archiveVersion = 1;
	classes = {
	};
	objectVersion = 56;
	objects = {

/* Begin PBXBuildFile section */
		172068012C3BF963001FD500 /* AppDelegate.swift in Sources */ = {isa = PBXBuildFile; fileRef = 172068002C3BF963001FD500 /* AppDelegate.swift */; };
		172068032C3BF963001FD500 /* SceneDelegate.swift in Sources */ = {isa = PBXBuildFile; fileRef = 172068022C3BF963001FD500 /* SceneDelegate.swift */; };
		1720680A2C3BF963001FD500 /* Assets.xcassets in Resources */ = {isa = PBXBuildFile; fileRef = 172068092C3BF963001FD500 /* Assets.xcassets */; };
		1720680D2C3BF963001FD500 /* Base in Resources */ = {isa = PBXBuildFile; fileRef = 1720680C2C3BF963001FD500 /* Base */; };
		172068152C3BFC65001FD500 /* CardSelectionVC.swift in Sources */ = {isa = PBXBuildFile; fileRef = 172068142C3BFC65001FD500 /* CardSelectionVC.swift */; };
		172068172C3C041F001FD500 /* CWButton.swift in Sources */ = {isa = PBXBuildFile; fileRef = 172068162C3C041F001FD500 /* CWButton.swift */; };
		172068192C3C1E72001FD500 /* RulesVC.swift in Sources */ = {isa = PBXBuildFile; fileRef = 172068182C3C1E72001FD500 /* RulesVC.swift */; };
		1720681B2C3C2835001FD500 /* Deck.swift in Sources */ = {isa = PBXBuildFile; fileRef = 1720681A2C3C2835001FD500 /* Deck.swift */; };
		1758D3452C3D173D007566C7 /* ColorsVC.swift in Sources */ = {isa = PBXBuildFile; fileRef = 1758D3442C3D173D007566C7 /* ColorsVC.swift */; };
		1758D3472C3D2C6C007566C7 /* UIColor+Exit.swift in Sources */ = {isa = PBXBuildFile; fileRef = 1758D3462C3D2C6C007566C7 /* UIColor+Exit.swift */; };
/* End PBXBuildFile section */

/* Begin PBXFileReference section */
		172067FD2C3BF963001FD500 /* CardWorkout-Programmatic.app */ = {isa = PBXFileReference; explicitFileType = wrapper.application; includeInIndex = 0; path = "CardWorkout-Programmatic.app"; sourceTree = BUILT_PRODUCTS_DIR; };
		172068002C3BF963001FD500 /* AppDelegate.swift */ = {isa = PBXFileReference; lastKnownFileType = sourcecode.swift; path = AppDelegate.swift; sourceTree = "<group>"; };
		172068022C3BF963001FD500 /* SceneDelegate.swift */ = {isa = PBXFileReference; lastKnownFileType = sourcecode.swift; path = SceneDelegate.swift; sourceTree = "<group>"; };
		172068092C3BF963001FD500 /* Assets.xcassets */ = {isa = PBXFileReference; lastKnownFileType = folder.assetcatalog; path = Assets.xcassets; sourceTree = "<group>"; };
		1720680C2C3BF963001FD500 /* Base */ = {isa = PBXFileReference; lastKnownFileType = file.storyboard; name = Base; path = Base.lproj/LaunchScreen.storyboard; sourceTree = "<group>"; };
		1720680E2C3BF963001FD500 /* Info.plist */ = {isa = PBXFileReference; lastKnownFileType = text.plist.xml; path = Info.plist; sourceTree = "<group>"; };
		172068142C3BFC65001FD500 /* CardSelectionVC.swift */ = {isa = PBXFileReference; lastKnownFileType = sourcecode.swift; path = CardSelectionVC.swift; sourceTree = "<group>"; };
		172068162C3C041F001FD500 /* CWButton.swift */ = {isa = PBXFileReference; lastKnownFileType = sourcecode.swift; path = CWButton.swift; sourceTree = "<group>"; };
		172068182C3C1E72001FD500 /* RulesVC.swift */ = {isa = PBXFileReference; lastKnownFileType = sourcecode.swift; path = RulesVC.swift; sourceTree = "<group>"; };
		1720681A2C3C2835001FD500 /* Deck.swift */ = {isa = PBXFileReference; lastKnownFileType = sourcecode.swift; path = Deck.swift; sourceTree = "<group>"; };
		1758D3442C3D173D007566C7 /* ColorsVC.swift */ = {isa = PBXFileReference; lastKnownFileType = sourcecode.swift; path = ColorsVC.swift; sourceTree = "<group>"; };
		1758D3462C3D2C6C007566C7 /* UIColor+Exit.swift */ = {isa = PBXFileReference; lastKnownFileType = sourcecode.swift; path = "UIColor+Exit.swift"; sourceTree = "<group>"; };
/* End PBXFileReference section */

/* Begin PBXFrameworksBuildPhase section */
		172067FA2C3BF963001FD500 /* Frameworks */ = {
			isa = PBXFrameworksBuildPhase;
			buildActionMask = 2147483647;
			files = (
			);
			runOnlyForDeploymentPostprocessing = 0;
		};
/* End PBXFrameworksBuildPhase section */

/* Begin PBXGroup section */
		172067F42C3BF963001FD500 = {
			isa = PBXGroup;
			children = (
				172067FF2C3BF963001FD500 /* CardWorkout-Programmatic */,
				172067FE2C3BF963001FD500 /* Products */,
			);
			sourceTree = "<group>";
		};
		172067FE2C3BF963001FD500 /* Products */ = {
			isa = PBXGroup;
			children = (
				172067FD2C3BF963001FD500 /* CardWorkout-Programmatic.app */,
			);
			name = Products;
			sourceTree = "<group>";
		};
		172067FF2C3BF963001FD500 /* CardWorkout-Programmatic */ = {
			isa = PBXGroup;
			children = (
				172068002C3BF963001FD500 /* AppDelegate.swift */,
				172068022C3BF963001FD500 /* SceneDelegate.swift */,
				172068142C3BFC65001FD500 /* CardSelectionVC.swift */,
				172068182C3C1E72001FD500 /* RulesVC.swift */,
				1758D3442C3D173D007566C7 /* ColorsVC.swift */,
				172068162C3C041F001FD500 /* CWButton.swift */,
				1758D3462C3D2C6C007566C7 /* UIColor+Exit.swift */,
				172068092C3BF963001FD500 /* Assets.xcassets */,
				1720680B2C3BF963001FD500 /* LaunchScreen.storyboard */,
				1720680E2C3BF963001FD500 /* Info.plist */,
				1720681A2C3C2835001FD500 /* Deck.swift */,
			);
			path = "CardWorkout-Programmatic";
			sourceTree = "<group>";
		};
/* End PBXGroup section */

/* Begin PBXNativeTarget section */
		172067FC2C3BF963001FD500 /* CardWorkout-Programmatic */ = {
			isa = PBXNativeTarget;
			buildConfigurationList = 172068112C3BF963001FD500 /* Build configuration list for PBXNativeTarget "CardWorkout-Programmatic" */;
			buildPhases = (
				172067F92C3BF963001FD500 /* Sources */,
				172067FA2C3BF963001FD500 /* Frameworks */,
				172067FB2C3BF963001FD500 /* Resources */,
			);
			buildRules = (
			);
			dependencies = (
			);
			name = "CardWorkout-Programmatic";
			productName = "CardWorkout-Programmatic";
			productReference = 172067FD2C3BF963001FD500 /* CardWorkout-Programmatic.app */;
			productType = "com.apple.product-type.application";
		};
/* End PBXNativeTarget section */

/* Begin PBXProject section */
		172067F52C3BF963001FD500 /* Project object */ = {
			isa = PBXProject;
			attributes = {
				BuildIndependentTargetsInParallel = 1;
				LastSwiftUpdateCheck = 1540;
				LastUpgradeCheck = 1540;
				TargetAttributes = {
					172067FC2C3BF963001FD500 = {
						CreatedOnToolsVersion = 15.4;
					};
				};
			};
			buildConfigurationList = 172067F82C3BF963001FD500 /* Build configuration list for PBXProject "CardWorkout-Programmatic" */;
			compatibilityVersion = "Xcode 14.0";
			developmentRegion = en;
			hasScannedForEncodings = 0;
			knownRegions = (
				en,
				Base,
			);
			mainGroup = 172067F42C3BF963001FD500;
			productRefGroup = 172067FE2C3BF963001FD500 /* Products */;
			projectDirPath = "";
			projectRoot = "";
			targets = (
				172067FC2C3BF963001FD500 /* CardWorkout-Programmatic */,
			);
		};
/* End PBXProject section */

/* Begin PBXResourcesBuildPhase section */
		172067FB2C3BF963001FD500 /* Resources */ = {
			isa = PBXResourcesBuildPhase;
			buildActionMask = 2147483647;
			files = (
				1720680A2C3BF963001FD500 /* Assets.xcassets in Resources */,
				1720680D2C3BF963001FD500 /* Base in Resources */,
			);
			runOnlyForDeploymentPostprocessing = 0;
		};
/* End PBXResourcesBuildPhase section */

/* Begin PBXSourcesBuildPhase section */
		172067F92C3BF963001FD500 /* Sources */ = {
			isa = PBXSourcesBuildPhase;
			buildActionMask = 2147483647;
			files = (
				1720681B2C3C2835001FD500 /* Deck.swift in Sources */,
				1758D3452C3D173D007566C7 /* ColorsVC.swift in Sources */,
				172068012C3BF963001FD500 /* AppDelegate.swift in Sources */,
				172068192C3C1E72001FD500 /* RulesVC.swift in Sources */,
				172068032C3BF963001FD500 /* SceneDelegate.swift in Sources */,
				172068152C3BFC65001FD500 /* CardSelectionVC.swift in Sources */,
				172068172C3C041F001FD500 /* CWButton.swift in Sources */,
				1758D3472C3D2C6C007566C7 /* UIColor+Exit.swift in Sources */,
			);
			runOnlyForDeploymentPostprocessing = 0;
		};
/* End PBXSourcesBuildPhase section */

/* Begin PBXVariantGroup section */
		1720680B2C3BF963001FD500 /* LaunchScreen.storyboard */ = {
			isa = PBXVariantGroup;
			children = (
				1720680C2C3BF963001FD500 /* Base */,
			);
			name = LaunchScreen.storyboard;
			sourceTree = "<group>";
		};
/* End PBXVariantGroup section */

/* Begin XCBuildConfiguration section */
		1720680F2C3BF963001FD500 /* Debug */ = {
			isa = XCBuildConfiguration;
			buildSettings = {
				ALWAYS_SEARCH_USER_PATHS = NO;
				ASSETCATALOG_COMPILER_GENERATE_SWIFT_ASSET_SYMBOL_EXTENSIONS = YES;
				CLANG_ANALYZER_NONNULL = YES;
				CLANG_ANALYZER_NUMBER_OBJECT_CONVERSION = YES_AGGRESSIVE;
				CLANG_CXX_LANGUAGE_STANDARD = "gnu++20";
				CLANG_ENABLE_MODULES = YES;
				CLANG_ENABLE_OBJC_ARC = YES;
				CLANG_ENABLE_OBJC_WEAK = YES;
				CLANG_WARN_BLOCK_CAPTURE_AUTORELEASING = YES;
				CLANG_WARN_BOOL_CONVERSION = YES;
				CLANG_WARN_COMMA = YES;
				CLANG_WARN_CONSTANT_CONVERSION = YES;
				CLANG_WARN_DEPRECATED_OBJC_IMPLEMENTATIONS = YES;
				CLANG_WARN_DIRECT_OBJC_ISA_USAGE = YES_ERROR;
				CLANG_WARN_DOCUMENTATION_COMMENTS = YES;
				CLANG_WARN_EMPTY_BODY = YES;
				CLANG_WARN_ENUM_CONVERSION = YES;
				CLANG_WARN_INFINITE_RECURSION = YES;
				CLANG_WARN_INT_CONVERSION = YES;
				CLANG_WARN_NON_LITERAL_NULL_CONVERSION = YES;
				CLANG_WARN_OBJC_IMPLICIT_RETAIN_SELF = YES;
				CLANG_WARN_OBJC_LITERAL_CONVERSION = YES;
				CLANG_WARN_OBJC_ROOT_CLASS = YES_ERROR;
				CLANG_WARN_QUOTED_INCLUDE_IN_FRAMEWORK_HEADER = YES;
				CLANG_WARN_RANGE_LOOP_ANALYSIS = YES;
				CLANG_WARN_STRICT_PROTOTYPES = YES;
				CLANG_WARN_SUSPICIOUS_MOVE = YES;
				CLANG_WARN_UNGUARDED_AVAILABILITY = YES_AGGRESSIVE;
				CLANG_WARN_UNREACHABLE_CODE = YES;
				CLANG_WARN__DUPLICATE_METHOD_MATCH = YES;
				COPY_PHASE_STRIP = NO;
				DEBUG_INFORMATION_FORMAT = dwarf;
				ENABLE_STRICT_OBJC_MSGSEND = YES;
				ENABLE_TESTABILITY = YES;
				ENABLE_USER_SCRIPT_SANDBOXING = YES;
				GCC_C_LANGUAGE_STANDARD = gnu17;
				GCC_DYNAMIC_NO_PIC = NO;
				GCC_NO_COMMON_BLOCKS = YES;
				GCC_OPTIMIZATION_LEVEL = 0;
				GCC_PREPROCESSOR_DEFINITIONS = (
					"DEBUG=1",
					"$(inherited)",
				);
				GCC_WARN_64_TO_32_BIT_CONVERSION = YES;
				GCC_WARN_ABOUT_RETURN_TYPE = YES_ERROR;
				GCC_WARN_UNDECLARED_SELECTOR = YES;
				GCC_WARN_UNINITIALIZED_AUTOS = YES_AGGRESSIVE;
				GCC_WARN_UNUSED_FUNCTION = YES;
				GCC_WARN_UNUSED_VARIABLE = YES;
				IPHONEOS_DEPLOYMENT_TARGET = 17.5;
				LOCALIZATION_PREFERS_STRING_CATALOGS = YES;
				MTL_ENABLE_DEBUG_INFO = INCLUDE_SOURCE;
				MTL_FAST_MATH = YES;
				ONLY_ACTIVE_ARCH = YES;
				SDKROOT = iphoneos;
				SWIFT_ACTIVE_COMPILATION_CONDITIONS = "DEBUG $(inherited)";
				SWIFT_OPTIMIZATION_LEVEL = "-Onone";
			};
			name = Debug;
		};
		172068102C3BF963001FD500 /* Release */ = {
			isa = XCBuildConfiguration;
			buildSettings = {
				ALWAYS_SEARCH_USER_PATHS = NO;
				ASSETCATALOG_COMPILER_GENERATE_SWIFT_ASSET_SYMBOL_EXTENSIONS = YES;
				CLANG_ANALYZER_NONNULL = YES;
				CLANG_ANALYZER_NUMBER_OBJECT_CONVERSION = YES_AGGRESSIVE;
				CLANG_CXX_LANGUAGE_STANDARD = "gnu++20";
				CLANG_ENABLE_MODULES = YES;
				CLANG_ENABLE_OBJC_ARC = YES;
				CLANG_ENABLE_OBJC_WEAK = YES;
				CLANG_WARN_BLOCK_CAPTURE_AUTORELEASING = YES;
				CLANG_WARN_BOOL_CONVERSION = YES;
				CLANG_WARN_COMMA = YES;
				CLANG_WARN_CONSTANT_CONVERSION = YES;
				CLANG_WARN_DEPRECATED_OBJC_IMPLEMENTATIONS = YES;
				CLANG_WARN_DIRECT_OBJC_ISA_USAGE = YES_ERROR;
				CLANG_WARN_DOCUMENTATION_COMMENTS = YES;
				CLANG_WARN_EMPTY_BODY = YES;
				CLANG_WARN_ENUM_CONVERSION = YES;
				CLANG_WARN_INFINITE_RECURSION = YES;
				CLANG_WARN_INT_CONVERSION = YES;
				CLANG_WARN_NON_LITERAL_NULL_CONVERSION = YES;
				CLANG_WARN_OBJC_IMPLICIT_RETAIN_SELF = YES;
				CLANG_WARN_OBJC_LITERAL_CONVERSION = YES;
				CLANG_WARN_OBJC_ROOT_CLASS = YES_ERROR;
				CLANG_WARN_QUOTED_INCLUDE_IN_FRAMEWORK_HEADER = YES;
				CLANG_WARN_RANGE_LOOP_ANALYSIS = YES;
				CLANG_WARN_STRICT_PROTOTYPES = YES;
				CLANG_WARN_SUSPICIOUS_MOVE = YES;
				CLANG_WARN_UNGUARDED_AVAILABILITY = YES_AGGRESSIVE;
				CLANG_WARN_UNREACHABLE_CODE = YES;
				CLANG_WARN__DUPLICATE_METHOD_MATCH = YES;
				COPY_PHASE_STRIP = NO;
				DEBUG_INFORMATION_FORMAT = "dwarf-with-dsym";
				ENABLE_NS_ASSERTIONS = NO;
				ENABLE_STRICT_OBJC_MSGSEND = YES;
				ENABLE_USER_SCRIPT_SANDBOXING = YES;
				GCC_C_LANGUAGE_STANDARD = gnu17;
				GCC_NO_COMMON_BLOCKS = YES;
				GCC_WARN_64_TO_32_BIT_CONVERSION = YES;
				GCC_WARN_ABOUT_RETURN_TYPE = YES_ERROR;
				GCC_WARN_UNDECLARED_SELECTOR = YES;
				GCC_WARN_UNINITIALIZED_AUTOS = YES_AGGRESSIVE;
				GCC_WARN_UNUSED_FUNCTION = YES;
				GCC_WARN_UNUSED_VARIABLE = YES;
				IPHONEOS_DEPLOYMENT_TARGET = 17.5;
				LOCALIZATION_PREFERS_STRING_CATALOGS = YES;
				MTL_ENABLE_DEBUG_INFO = NO;
				MTL_FAST_MATH = YES;
				SDKROOT = iphoneos;
				SWIFT_COMPILATION_MODE = wholemodule;
				VALIDATE_PRODUCT = YES;
			};
			name = Release;
		};
		172068122C3BF963001FD500 /* Debug */ = {
			isa = XCBuildConfiguration;
			buildSettings = {
				ASSETCATALOG_COMPILER_APPICON_NAME = AppIcon;
				ASSETCATALOG_COMPILER_GLOBAL_ACCENT_COLOR_NAME = AccentColor;
				CODE_SIGN_STYLE = Automatic;
				CURRENT_PROJECT_VERSION = 1;
				GENERATE_INFOPLIST_FILE = YES;
				INFOPLIST_FILE = "CardWorkout-Programmatic/Info.plist";
				INFOPLIST_KEY_UIApplicationSupportsIndirectInputEvents = YES;
				INFOPLIST_KEY_UILaunchStoryboardName = LaunchScreen;
				INFOPLIST_KEY_UISupportedInterfaceOrientations_iPad = "UIInterfaceOrientationPortrait UIInterfaceOrientationPortraitUpsideDown UIInterfaceOrientationLandscapeLeft UIInterfaceOrientationLandscapeRight";
				INFOPLIST_KEY_UISupportedInterfaceOrientations_iPhone = "UIInterfaceOrientationPortrait UIInterfaceOrientationLandscapeLeft UIInterfaceOrientationLandscapeRight";
				LD_RUNPATH_SEARCH_PATHS = (
					"$(inherited)",
					"@executable_path/Frameworks",
				);
				MARKETING_VERSION = 1.0;
				PRODUCT_BUNDLE_IDENTIFIER = "Jakub-Wlodarski.CardWorkout-Programmatic";
				PRODUCT_NAME = "$(TARGET_NAME)";
				SWIFT_EMIT_LOC_STRINGS = YES;
				SWIFT_VERSION = 5.0;
				TARGETED_DEVICE_FAMILY = "1,2";
			};
			name = Debug;
		};
		172068132C3BF963001FD500 /* Release */ = {
			isa = XCBuildConfiguration;
			buildSettings = {
				ASSETCATALOG_COMPILER_APPICON_NAME = AppIcon;
				ASSETCATALOG_COMPILER_GLOBAL_ACCENT_COLOR_NAME = AccentColor;
				CODE_SIGN_STYLE = Automatic;
				CURRENT_PROJECT_VERSION = 1;
				GENERATE_INFOPLIST_FILE = YES;
				INFOPLIST_FILE = "CardWorkout-Programmatic/Info.plist";
				INFOPLIST_KEY_UIApplicationSupportsIndirectInputEvents = YES;
				INFOPLIST_KEY_UILaunchStoryboardName = LaunchScreen;
				INFOPLIST_KEY_UISupportedInterfaceOrientations_iPad = "UIInterfaceOrientationPortrait UIInterfaceOrientationPortraitUpsideDown UIInterfaceOrientationLandscapeLeft UIInterfaceOrientationLandscapeRight";
				INFOPLIST_KEY_UISupportedInterfaceOrientations_iPhone = "UIInterfaceOrientationPortrait UIInterfaceOrientationLandscapeLeft UIInterfaceOrientationLandscapeRight";
				LD_RUNPATH_SEARCH_PATHS = (
					"$(inherited)",
					"@executable_path/Frameworks",
				);
				MARKETING_VERSION = 1.0;
				PRODUCT_BUNDLE_IDENTIFIER = "Jakub-Wlodarski.CardWorkout-Programmatic";
				PRODUCT_NAME = "$(TARGET_NAME)";
				SWIFT_EMIT_LOC_STRINGS = YES;
				SWIFT_VERSION = 5.0;
				TARGETED_DEVICE_FAMILY = "1,2";
			};
			name = Release;
		};
/* End XCBuildConfiguration section */

/* Begin XCConfigurationList section */
		172067F82C3BF963001FD500 /* Build configuration list for PBXProject "CardWorkout-Programmatic" */ = {
			isa = XCConfigurationList;
			buildConfigurations = (
				1720680F2C3BF963001FD500 /* Debug */,
				172068102C3BF963001FD500 /* Release */,
			);
			defaultConfigurationIsVisible = 0;
			defaultConfigurationName = Release;
		};
		172068112C3BF963001FD500 /* Build configuration list for PBXNativeTarget "CardWorkout-Programmatic" */ = {
			isa = XCConfigurationList;
			buildConfigurations = (
				172068122C3BF963001FD500 /* Debug */,
				172068132C3BF963001FD500 /* Release */,
			);
			defaultConfigurationIsVisible = 0;
			defaultConfigurationName = Release;
		};
/* End XCConfigurationList section */
	};
	rootObject = 172067F52C3BF963001FD500 /* Project object */;
}
